
Microsoft Visual Studio Solution File, Format Version 12.00
# Visual Studio 15
VisualStudioVersion = 15.0.27703.2035
MinimumVisualStudioVersion = 10.0.40219.1
Project("{FAE04EC0-301F-11D3-BF4B-00C04F79EFBC}") = "eCommercePro", "eCommercePro\eCommercePro.csproj", "{2D4F5C39-828C-4182-A1A0-A24AF70A3A95}"
EndProject
Global
	GlobalSection(SolutionConfigurationPlatforms) = preSolution
		Debug|Any CPU = Debug|Any CPU
		Release|Any CPU = Release|Any CPU
	EndGlobalSection
	GlobalSection(ProjectConfigurationPlatforms) = postSolution
		{2D4F5C39-828C-4182-A1A0-A24AF70A3A95}.Debug|Any CPU.ActiveCfg = Debug|Any CPU
		{2D4F5C39-828C-4182-A1A0-A24AF70A3A95}.Debug|Any CPU.Build.0 = Debug|Any CPU
		{2D4F5C39-828C-4182-A1A0-A24AF70A3A95}.Release|Any CPU.ActiveCfg = Release|Any CPU
		{2D4F5C39-828C-4182-A1A0-A24AF70A3A95}.Release|Any CPU.Build.0 = Release|Any CPU
	EndGlobalSection
	GlobalSection(SolutionProperties) = preSolution
		HideSolutionNode = FALSE
	EndGlobalSection
	GlobalSection(ExtensibilityGlobals) = postSolution
		SolutionGuid = {B08DA837-1F52-4888-B399-AB5CBF3D7E24}
	EndGlobalSection
EndGlobal
